
Microsoft Visual Studio Solution File, Format Version 12.00
# Visual Studio 15
VisualStudioVersion = 15.0.26124.0
MinimumVisualStudioVersion = 15.0.26124.0
Project("{FAE04EC0-301F-11D3-BF4B-00C04F79EFBC}") = "Domain", "Domain\Domain.csproj", "{2EA2D869-6C19-4543-9018-EB32E483D2DB}"
EndProject
Project("{FAE04EC0-301F-11D3-BF4B-00C04F79EFBC}") = "Application", "Application\Application.csproj", "{CAA44E8D-E03B-46F9-AFA6-5DAE59ED180F}"
EndProject
Project("{FAE04EC0-301F-11D3-BF4B-00C04F79EFBC}") = "Persistence", "Persistence\Persistence.csproj", "{4F49AED3-D767-4DEC-BF4E-8B95E0FC34D2}"
EndProject
Project("{FAE04EC0-301F-11D3-BF4B-00C04F79EFBC}") = "API", "API\API.csproj", "{D96AB995-A52E-4F86-9E26-6B737F0ED24E}"
EndProject
Global
	GlobalSection(SolutionConfigurationPlatforms) = preSolution
		Debug|Any CPU = Debug|Any CPU
		Debug|x64 = Debug|x64
		Debug|x86 = Debug|x86
		Release|Any CPU = Release|Any CPU
		Release|x64 = Release|x64
		Release|x86 = Release|x86
	EndGlobalSection
	GlobalSection(SolutionProperties) = preSolution
		HideSolutionNode = FALSE
	EndGlobalSection
	GlobalSection(ProjectConfigurationPlatforms) = postSolution
		{2EA2D869-6C19-4543-9018-EB32E483D2DB}.Debug|Any CPU.ActiveCfg = Debug|Any CPU
		{2EA2D869-6C19-4543-9018-EB32E483D2DB}.Debug|Any CPU.Build.0 = Debug|Any CPU
		{2EA2D869-6C19-4543-9018-EB32E483D2DB}.Debug|x64.ActiveCfg = Debug|Any CPU
		{2EA2D869-6C19-4543-9018-EB32E483D2DB}.Debug|x64.Build.0 = Debug|Any CPU
		{2EA2D869-6C19-4543-9018-EB32E483D2DB}.Debug|x86.ActiveCfg = Debug|Any CPU
		{2EA2D869-6C19-4543-9018-EB32E483D2DB}.Debug|x86.Build.0 = Debug|Any CPU
		{2EA2D869-6C19-4543-9018-EB32E483D2DB}.Release|Any CPU.ActiveCfg = Release|Any CPU
		{2EA2D869-6C19-4543-9018-EB32E483D2DB}.Release|Any CPU.Build.0 = Release|Any CPU
		{2EA2D869-6C19-4543-9018-EB32E483D2DB}.Release|x64.ActiveCfg = Release|Any CPU
		{2EA2D869-6C19-4543-9018-EB32E483D2DB}.Release|x64.Build.0 = Release|Any CPU
		{2EA2D869-6C19-4543-9018-EB32E483D2DB}.Release|x86.ActiveCfg = Release|Any CPU
		{2EA2D869-6C19-4543-9018-EB32E483D2DB}.Release|x86.Build.0 = Release|Any CPU
		{CAA44E8D-E03B-46F9-AFA6-5DAE59ED180F}.Debug|Any CPU.ActiveCfg = Debug|Any CPU
		{CAA44E8D-E03B-46F9-AFA6-5DAE59ED180F}.Debug|Any CPU.Build.0 = Debug|Any CPU
		{CAA44E8D-E03B-46F9-AFA6-5DAE59ED180F}.Debug|x64.ActiveCfg = Debug|Any CPU
		{CAA44E8D-E03B-46F9-AFA6-5DAE59ED180F}.Debug|x64.Build.0 = Debug|Any CPU
		{CAA44E8D-E03B-46F9-AFA6-5DAE59ED180F}.Debug|x86.ActiveCfg = Debug|Any CPU
		{CAA44E8D-E03B-46F9-AFA6-5DAE59ED180F}.Debug|x86.Build.0 = Debug|Any CPU
		{CAA44E8D-E03B-46F9-AFA6-5DAE59ED180F}.Release|Any CPU.ActiveCfg = Release|Any CPU
		{CAA44E8D-E03B-46F9-AFA6-5DAE59ED180F}.Release|Any CPU.Build.0 = Release|Any CPU
		{CAA44E8D-E03B-46F9-AFA6-5DAE59ED180F}.Release|x64.ActiveCfg = Release|Any CPU
		{CAA44E8D-E03B-46F9-AFA6-5DAE59ED180F}.Release|x64.Build.0 = Release|Any CPU
		{CAA44E8D-E03B-46F9-AFA6-5DAE59ED180F}.Release|x86.ActiveCfg = Release|Any CPU
		{CAA44E8D-E03B-46F9-AFA6-5DAE59ED180F}.Release|x86.Build.0 = Release|Any CPU
		{4F49AED3-D767-4DEC-BF4E-8B95E0FC34D2}.Debug|Any CPU.ActiveCfg = Debug|Any CPU
		{4F49AED3-D767-4DEC-BF4E-8B95E0FC34D2}.Debug|Any CPU.Build.0 = Debug|Any CPU
		{4F49AED3-D767-4DEC-BF4E-8B95E0FC34D2}.Debug|x64.ActiveCfg = Debug|Any CPU
		{4F49AED3-D767-4DEC-BF4E-8B95E0FC34D2}.Debug|x64.Build.0 = Debug|Any CPU
		{4F49AED3-D767-4DEC-BF4E-8B95E0FC34D2}.Debug|x86.ActiveCfg = Debug|Any CPU
		{4F49AED3-D767-4DEC-BF4E-8B95E0FC34D2}.Debug|x86.Build.0 = Debug|Any CPU
		{4F49AED3-D767-4DEC-BF4E-8B95E0FC34D2}.Release|Any CPU.ActiveCfg = Release|Any CPU
		{4F49AED3-D767-4DEC-BF4E-8B95E0FC34D2}.Release|Any CPU.Build.0 = Release|Any CPU
		{4F49AED3-D767-4DEC-BF4E-8B95E0FC34D2}.Release|x64.ActiveCfg = Release|Any CPU
		{4F49AED3-D767-4DEC-BF4E-8B95E0FC34D2}.Release|x64.Build.0 = Release|Any CPU
		{4F49AED3-D767-4DEC-BF4E-8B95E0FC34D2}.Release|x86.ActiveCfg = Release|Any CPU
		{4F49AED3-D767-4DEC-BF4E-8B95E0FC34D2}.Release|x86.Build.0 = Release|Any CPU
		{D96AB995-A52E-4F86-9E26-6B737F0ED24E}.Debug|Any CPU.ActiveCfg = Debug|Any CPU
		{D96AB995-A52E-4F86-9E26-6B737F0ED24E}.Debug|Any CPU.Build.0 = Debug|Any CPU
		{D96AB995-A52E-4F86-9E26-6B737F0ED24E}.Debug|x64.ActiveCfg = Debug|Any CPU
		{D96AB995-A52E-4F86-9E26-6B737F0ED24E}.Debug|x64.Build.0 = Debug|Any CPU
		{D96AB995-A52E-4F86-9E26-6B737F0ED24E}.Debug|x86.ActiveCfg = Debug|Any CPU
		{D96AB995-A52E-4F86-9E26-6B737F0ED24E}.Debug|x86.Build.0 = Debug|Any CPU
		{D96AB995-A52E-4F86-9E26-6B737F0ED24E}.Release|Any CPU.ActiveCfg = Release|Any CPU
		{D96AB995-A52E-4F86-9E26-6B737F0ED24E}.Release|Any CPU.Build.0 = Release|Any CPU
		{D96AB995-A52E-4F86-9E26-6B737F0ED24E}.Release|x64.ActiveCfg = Release|Any CPU
		{D96AB995-A52E-4F86-9E26-6B737F0ED24E}.Release|x64.Build.0 = Release|Any CPU
		{D96AB995-A52E-4F86-9E26-6B737F0ED24E}.Release|x86.ActiveCfg = Release|Any CPU
		{D96AB995-A52E-4F86-9E26-6B737F0ED24E}.Release|x86.Build.0 = Release|Any CPU
	EndGlobalSection
EndGlobal
